
Microsoft Visual Studio Solution File, Format Version 12.00
# Visual Studio Version 16
VisualStudioVersion = 16.0.31515.178
MinimumVisualStudioVersion = 10.0.40219.1
Project("{FAE04EC0-301F-11D3-BF4B-00C04F79EFBC}") = "1-PrimeiroProjeto", "1-PrimeiroProjeto\1-PrimeiroProjeto.csproj", "{85D0AFBD-B1D7-4A0D-85F4-D27FF9465E38}"
EndProject
Project("{FAE04EC0-301F-11D3-BF4B-00C04F79EFBC}") = "2-CriandoVariaveis", "2-CriandoVariaveis\2-CriandoVariaveis.csproj", "{E625483D-0F73-4FDA-BCFC-2ECBCB1E4931}"
EndProject
Project("{FAE04EC0-301F-11D3-BF4B-00C04F79EFBC}") = "3-CriandoVariaveisPontoFlutuante", "3-CriandoVariaveisPontoFlutuante\3-CriandoVariaveisPontoFlutuante.csproj", "{65E1A453-F25D-4A1B-96B8-158B1A7E3CF9}"
EndProject
Project("{FAE04EC0-301F-11D3-BF4B-00C04F79EFBC}") = "TestePontoFlutuante", "TestePontoFlutuante\TestePontoFlutuante.csproj", "{FE8C62AA-E8C3-47B3-9A99-E0F6D8E19CAB}"
EndProject
Project("{FAE04EC0-301F-11D3-BF4B-00C04F79EFBC}") = "5-CaracteresETextos", "5-CaracteresETextos\5-CaracteresETextos.csproj", "{61A1D773-D35D-45C1-B391-F54B5DE03278}"
EndProject
Project("{FAE04EC0-301F-11D3-BF4B-00C04F79EFBC}") = "4-ConversaoEOutrosTiposNumericos", "4-ConversaoEOutrosTiposNumericos\4-ConversaoEOutrosTiposNumericos.csproj", "{C8965B8A-DA73-4180-A0A4-343E46BF70F4}"
EndProject
Project("{FAE04EC0-301F-11D3-BF4B-00C04F79EFBC}") = "Condicional", "Condicional\Condicional.csproj", "{A21048A1-F441-4DFB-BEC8-2A0F5A3686FA}"
EndProject
Project("{FAE04EC0-301F-11D3-BF4B-00C04F79EFBC}") = "TesteCondicional2", "TesteCondicional2\TesteCondicional2.csproj", "{8088DB1A-6CF7-438E-840C-7F1709F911CC}"
EndProject
Global
	GlobalSection(SolutionConfigurationPlatforms) = preSolution
		Debug|Any CPU = Debug|Any CPU
		Release|Any CPU = Release|Any CPU
	EndGlobalSection
	GlobalSection(ProjectConfigurationPlatforms) = postSolution
		{85D0AFBD-B1D7-4A0D-85F4-D27FF9465E38}.Debug|Any CPU.ActiveCfg = Debug|Any CPU
		{85D0AFBD-B1D7-4A0D-85F4-D27FF9465E38}.Debug|Any CPU.Build.0 = Debug|Any CPU
		{85D0AFBD-B1D7-4A0D-85F4-D27FF9465E38}.Release|Any CPU.ActiveCfg = Release|Any CPU
		{85D0AFBD-B1D7-4A0D-85F4-D27FF9465E38}.Release|Any CPU.Build.0 = Release|Any CPU
		{E625483D-0F73-4FDA-BCFC-2ECBCB1E4931}.Debug|Any CPU.ActiveCfg = Debug|Any CPU
		{E625483D-0F73-4FDA-BCFC-2ECBCB1E4931}.Debug|Any CPU.Build.0 = Debug|Any CPU
		{E625483D-0F73-4FDA-BCFC-2ECBCB1E4931}.Release|Any CPU.ActiveCfg = Release|Any CPU
		{E625483D-0F73-4FDA-BCFC-2ECBCB1E4931}.Release|Any CPU.Build.0 = Release|Any CPU
		{65E1A453-F25D-4A1B-96B8-158B1A7E3CF9}.Debug|Any CPU.ActiveCfg = Debug|Any CPU
		{65E1A453-F25D-4A1B-96B8-158B1A7E3CF9}.Debug|Any CPU.Build.0 = Debug|Any CPU
		{65E1A453-F25D-4A1B-96B8-158B1A7E3CF9}.Release|Any CPU.ActiveCfg = Release|Any CPU
		{65E1A453-F25D-4A1B-96B8-158B1A7E3CF9}.Release|Any CPU.Build.0 = Release|Any CPU
		{FE8C62AA-E8C3-47B3-9A99-E0F6D8E19CAB}.Debug|Any CPU.ActiveCfg = Debug|Any CPU
		{FE8C62AA-E8C3-47B3-9A99-E0F6D8E19CAB}.Debug|Any CPU.Build.0 = Debug|Any CPU
		{FE8C62AA-E8C3-47B3-9A99-E0F6D8E19CAB}.Release|Any CPU.ActiveCfg = Release|Any CPU
		{FE8C62AA-E8C3-47B3-9A99-E0F6D8E19CAB}.Release|Any CPU.Build.0 = Release|Any CPU
		{61A1D773-D35D-45C1-B391-F54B5DE03278}.Debug|Any CPU.ActiveCfg = Debug|Any CPU
		{61A1D773-D35D-45C1-B391-F54B5DE03278}.Debug|Any CPU.Build.0 = Debug|Any CPU
		{61A1D773-D35D-45C1-B391-F54B5DE03278}.Release|Any CPU.ActiveCfg = Release|Any CPU
		{61A1D773-D35D-45C1-B391-F54B5DE03278}.Release|Any CPU.Build.0 = Release|Any CPU
		{C8965B8A-DA73-4180-A0A4-343E46BF70F4}.Debug|Any CPU.ActiveCfg = Debug|Any CPU
		{C8965B8A-DA73-4180-A0A4-343E46BF70F4}.Debug|Any CPU.Build.0 = Debug|Any CPU
		{C8965B8A-DA73-4180-A0A4-343E46BF70F4}.Release|Any CPU.ActiveCfg = Release|Any CPU
		{C8965B8A-DA73-4180-A0A4-343E46BF70F4}.Release|Any CPU.Build.0 = Release|Any CPU
		{A21048A1-F441-4DFB-BEC8-2A0F5A3686FA}.Debug|Any CPU.ActiveCfg = Debug|Any CPU
		{A21048A1-F441-4DFB-BEC8-2A0F5A3686FA}.Debug|Any CPU.Build.0 = Debug|Any CPU
		{A21048A1-F441-4DFB-BEC8-2A0F5A3686FA}.Release|Any CPU.ActiveCfg = Release|Any CPU
		{A21048A1-F441-4DFB-BEC8-2A0F5A3686FA}.Release|Any CPU.Build.0 = Release|Any CPU
		{8088DB1A-6CF7-438E-840C-7F1709F911CC}.Debug|Any CPU.ActiveCfg = Debug|Any CPU
		{8088DB1A-6CF7-438E-840C-7F1709F911CC}.Debug|Any CPU.Build.0 = Debug|Any CPU
		{8088DB1A-6CF7-438E-840C-7F1709F911CC}.Release|Any CPU.ActiveCfg = Release|Any CPU
		{8088DB1A-6CF7-438E-840C-7F1709F911CC}.Release|Any CPU.Build.0 = Release|Any CPU
	EndGlobalSection
	GlobalSection(SolutionProperties) = preSolution
		HideSolutionNode = FALSE
	EndGlobalSection
	GlobalSection(ExtensibilityGlobals) = postSolution
		SolutionGuid = {AACD3DDD-DB9C-4E59-BC56-27A39BD024F0}
	EndGlobalSection
EndGlobal
