
Microsoft Visual Studio Solution File, Format Version 12.00
# Visual Studio Version 16
VisualStudioVersion = 16.0.31613.86
MinimumVisualStudioVersion = 10.0.40219.1
Project("{FAE04EC0-301F-11D3-BF4B-00C04F79EFBC}") = "ByteBank.SistemaAgencia", "ByteBank.SistemaAgencia\ByteBank.SistemaAgencia.csproj", "{3C33875E-3CD5-4637-BB36-54089E3D827F}"
EndProject
Project("{FAE04EC0-301F-11D3-BF4B-00C04F79EFBC}") = "ByteBank.Modelos", "ByteBank.Modelos\ByteBank.Modelos.csproj", "{4C216EDA-2A17-4EB5-835A-672543332745}"
EndProject
Global
	GlobalSection(SolutionConfigurationPlatforms) = preSolution
		Debug|Any CPU = Debug|Any CPU
		Release|Any CPU = Release|Any CPU
	EndGlobalSection
	GlobalSection(ProjectConfigurationPlatforms) = postSolution
		{3C33875E-3CD5-4637-BB36-54089E3D827F}.Debug|Any CPU.ActiveCfg = Debug|Any CPU
		{3C33875E-3CD5-4637-BB36-54089E3D827F}.Debug|Any CPU.Build.0 = Debug|Any CPU
		{3C33875E-3CD5-4637-BB36-54089E3D827F}.Release|Any CPU.ActiveCfg = Release|Any CPU
		{3C33875E-3CD5-4637-BB36-54089E3D827F}.Release|Any CPU.Build.0 = Release|Any CPU
		{4C216EDA-2A17-4EB5-835A-672543332745}.Debug|Any CPU.ActiveCfg = Debug|Any CPU
		{4C216EDA-2A17-4EB5-835A-672543332745}.Debug|Any CPU.Build.0 = Debug|Any CPU
		{4C216EDA-2A17-4EB5-835A-672543332745}.Release|Any CPU.ActiveCfg = Release|Any CPU
		{4C216EDA-2A17-4EB5-835A-672543332745}.Release|Any CPU.Build.0 = Release|Any CPU
	EndGlobalSection
	GlobalSection(SolutionProperties) = preSolution
		HideSolutionNode = FALSE
	EndGlobalSection
	GlobalSection(ExtensibilityGlobals) = postSolution
		SolutionGuid = {02B29672-C3CB-4198-8C36-920099F126CE}
	EndGlobalSection
EndGlobal
